
Microsoft Visual Studio Solution File, Format Version 12.00
# Visual Studio Version 17
VisualStudioVersion = 17.7.34009.444
MinimumVisualStudioVersion = 10.0.40219.1
Project("{9A19103F-16F7-4668-BE54-9A1E7A4F7556}") = "livraria", "livraria\livraria.csproj", "{84187E6E-8F2D-43AD-A8C2-031154BE8045}"
EndProject
Global
	GlobalSection(SolutionConfigurationPlatforms) = preSolution
		Debug|Any CPU = Debug|Any CPU
		Release|Any CPU = Release|Any CPU
	EndGlobalSection
	GlobalSection(ProjectConfigurationPlatforms) = postSolution
		{84187E6E-8F2D-43AD-A8C2-031154BE8045}.Debug|Any CPU.ActiveCfg = Debug|Any CPU
		{84187E6E-8F2D-43AD-A8C2-031154BE8045}.Debug|Any CPU.Build.0 = Debug|Any CPU
		{84187E6E-8F2D-43AD-A8C2-031154BE8045}.Release|Any CPU.ActiveCfg = Release|Any CPU
		{84187E6E-8F2D-43AD-A8C2-031154BE8045}.Release|Any CPU.Build.0 = Release|Any CPU
	EndGlobalSection
	GlobalSection(SolutionProperties) = preSolution
		HideSolutionNode = FALSE
	EndGlobalSection
	GlobalSection(ExtensibilityGlobals) = postSolution
		SolutionGuid = {3DEAB648-C0C5-4213-957D-5FF48FD2B1BB}
	EndGlobalSection
EndGlobal
